
Microsoft Visual Studio Solution File, Format Version 12.00
# Visual Studio Version 18
VisualStudioVersion = 18.3.11429.125 d18.3
MinimumVisualStudioVersion = 10.0.40219.1
Project("{FAE04EC0-301F-11D3-BF4B-00C04F79EFBC}") = "SaaS.Domain", "SaaS.Domain\SaaS.Domain.csproj", "{7A502B85-CADB-4A0D-8B6E-D721CD75799B}"
EndProject
Project("{FAE04EC0-301F-11D3-BF4B-00C04F79EFBC}") = "SaaS.Application", "SaaS.Application\SaaS.Application.csproj", "{67D50058-5C7E-4957-9665-2F4F6C117940}"
EndProject
Project("{FAE04EC0-301F-11D3-BF4B-00C04F79EFBC}") = "SaaS.Infrastructure", "SaaS.Infrastructure\SaaS.Infrastructure.csproj", "{B24A6AEA-181E-4692-935E-D942C7ED80D9}"
EndProject
Project("{FAE04EC0-301F-11D3-BF4B-00C04F79EFBC}") = "SaaS.API", "SaaS.API\SaaS.API.csproj", "{18FD54F1-8673-4B6A-94EB-B85F7EEDEA46}"
EndProject
Project("{2150E333-8FDC-42A3-9474-1A3956D46DE8}") = "SolutionItems", "SolutionItems", "{E7F2A434-2BE0-48D6-A392-9BAE6A796087}"
EndProject
Global
	GlobalSection(SolutionConfigurationPlatforms) = preSolution
		Debug|Any CPU = Debug|Any CPU
		Debug|x64 = Debug|x64
		Debug|x86 = Debug|x86
		Release|Any CPU = Release|Any CPU
		Release|x64 = Release|x64
		Release|x86 = Release|x86
	EndGlobalSection
	GlobalSection(ProjectConfigurationPlatforms) = postSolution
		{7A502B85-CADB-4A0D-8B6E-D721CD75799B}.Debug|Any CPU.ActiveCfg = Debug|Any CPU
		{7A502B85-CADB-4A0D-8B6E-D721CD75799B}.Debug|Any CPU.Build.0 = Debug|Any CPU
		{7A502B85-CADB-4A0D-8B6E-D721CD75799B}.Debug|x64.ActiveCfg = Debug|Any CPU
		{7A502B85-CADB-4A0D-8B6E-D721CD75799B}.Debug|x64.Build.0 = Debug|Any CPU
		{7A502B85-CADB-4A0D-8B6E-D721CD75799B}.Debug|x86.ActiveCfg = Debug|Any CPU
		{7A502B85-CADB-4A0D-8B6E-D721CD75799B}.Debug|x86.Build.0 = Debug|Any CPU
		{7A502B85-CADB-4A0D-8B6E-D721CD75799B}.Release|Any CPU.ActiveCfg = Release|Any CPU
		{7A502B85-CADB-4A0D-8B6E-D721CD75799B}.Release|Any CPU.Build.0 = Release|Any CPU
		{7A502B85-CADB-4A0D-8B6E-D721CD75799B}.Release|x64.ActiveCfg = Release|Any CPU
		{7A502B85-CADB-4A0D-8B6E-D721CD75799B}.Release|x64.Build.0 = Release|Any CPU
		{7A502B85-CADB-4A0D-8B6E-D721CD75799B}.Release|x86.ActiveCfg = Release|Any CPU
		{7A502B85-CADB-4A0D-8B6E-D721CD75799B}.Release|x86.Build.0 = Release|Any CPU
		{67D50058-5C7E-4957-9665-2F4F6C117940}.Debug|Any CPU.ActiveCfg = Debug|Any CPU
		{67D50058-5C7E-4957-9665-2F4F6C117940}.Debug|Any CPU.Build.0 = Debug|Any CPU
		{67D50058-5C7E-4957-9665-2F4F6C117940}.Debug|x64.ActiveCfg = Debug|Any CPU
		{67D50058-5C7E-4957-9665-2F4F6C117940}.Debug|x64.Build.0 = Debug|Any CPU
		{67D50058-5C7E-4957-9665-2F4F6C117940}.Debug|x86.ActiveCfg = Debug|Any CPU
		{67D50058-5C7E-4957-9665-2F4F6C117940}.Debug|x86.Build.0 = Debug|Any CPU
		{67D50058-5C7E-4957-9665-2F4F6C117940}.Release|Any CPU.ActiveCfg = Release|Any CPU
		{67D50058-5C7E-4957-9665-2F4F6C117940}.Release|Any CPU.Build.0 = Release|Any CPU
		{67D50058-5C7E-4957-9665-2F4F6C117940}.Release|x64.ActiveCfg = Release|Any CPU
		{67D50058-5C7E-4957-9665-2F4F6C117940}.Release|x64.Build.0 = Release|Any CPU
		{67D50058-5C7E-4957-9665-2F4F6C117940}.Release|x86.ActiveCfg = Release|Any CPU
		{67D50058-5C7E-4957-9665-2F4F6C117940}.Release|x86.Build.0 = Release|Any CPU
		{B24A6AEA-181E-4692-935E-D942C7ED80D9}.Debug|Any CPU.ActiveCfg = Debug|Any CPU
		{B24A6AEA-181E-4692-935E-D942C7ED80D9}.Debug|Any CPU.Build.0 = Debug|Any CPU
		{B24A6AEA-181E-4692-935E-D942C7ED80D9}.Debug|x64.ActiveCfg = Debug|Any CPU
		{B24A6AEA-181E-4692-935E-D942C7ED80D9}.Debug|x64.Build.0 = Debug|Any CPU
		{B24A6AEA-181E-4692-935E-D942C7ED80D9}.Debug|x86.ActiveCfg = Debug|Any CPU
		{B24A6AEA-181E-4692-935E-D942C7ED80D9}.Debug|x86.Build.0 = Debug|Any CPU
		{B24A6AEA-181E-4692-935E-D942C7ED80D9}.Release|Any CPU.ActiveCfg = Release|Any CPU
		{B24A6AEA-181E-4692-935E-D942C7ED80D9}.Release|Any CPU.Build.0 = Release|Any CPU
		{B24A6AEA-181E-4692-935E-D942C7ED80D9}.Release|x64.ActiveCfg = Release|Any CPU
		{B24A6AEA-181E-4692-935E-D942C7ED80D9}.Release|x64.Build.0 = Release|Any CPU
		{B24A6AEA-181E-4692-935E-D942C7ED80D9}.Release|x86.ActiveCfg = Release|Any CPU
		{B24A6AEA-181E-4692-935E-D942C7ED80D9}.Release|x86.Build.0 = Release|Any CPU
		{18FD54F1-8673-4B6A-94EB-B85F7EEDEA46}.Debug|Any CPU.ActiveCfg = Debug|Any CPU
		{18FD54F1-8673-4B6A-94EB-B85F7EEDEA46}.Debug|Any CPU.Build.0 = Debug|Any CPU
		{18FD54F1-8673-4B6A-94EB-B85F7EEDEA46}.Debug|x64.ActiveCfg = Debug|Any CPU
		{18FD54F1-8673-4B6A-94EB-B85F7EEDEA46}.Debug|x64.Build.0 = Debug|Any CPU
		{18FD54F1-8673-4B6A-94EB-B85F7EEDEA46}.Debug|x86.ActiveCfg = Debug|Any CPU
		{18FD54F1-8673-4B6A-94EB-B85F7EEDEA46}.Debug|x86.Build.0 = Debug|Any CPU
		{18FD54F1-8673-4B6A-94EB-B85F7EEDEA46}.Release|Any CPU.ActiveCfg = Release|Any CPU
		{18FD54F1-8673-4B6A-94EB-B85F7EEDEA46}.Release|Any CPU.Build.0 = Release|Any CPU
		{18FD54F1-8673-4B6A-94EB-B85F7EEDEA46}.Release|x64.ActiveCfg = Release|Any CPU
		{18FD54F1-8673-4B6A-94EB-B85F7EEDEA46}.Release|x64.Build.0 = Release|Any CPU
		{18FD54F1-8673-4B6A-94EB-B85F7EEDEA46}.Release|x86.ActiveCfg = Release|Any CPU
		{18FD54F1-8673-4B6A-94EB-B85F7EEDEA46}.Release|x86.Build.0 = Release|Any CPU
	EndGlobalSection
	GlobalSection(SolutionProperties) = preSolution
		HideSolutionNode = FALSE
	EndGlobalSection
EndGlobal
